
Microsoft Visual Studio Solution File, Format Version 12.00
# Visual Studio 14
VisualStudioVersion = 14.0.25420.1
MinimumVisualStudioVersion = 10.0.40219.1
Project("{FAE04EC0-301F-11D3-BF4B-00C04F79EFBC}") = "Manyagi_Dennis_Methods", "Manyagi_Dennis_Methods\Manyagi_Dennis_Methods.csproj", "{1BB0CC63-47A3-415F-8A9D-608EF111268B}"
EndProject
Global
	GlobalSection(SolutionConfigurationPlatforms) = preSolution
		Debug|Any CPU = Debug|Any CPU
		Release|Any CPU = Release|Any CPU
	EndGlobalSection
	GlobalSection(ProjectConfigurationPlatforms) = postSolution
		{1BB0CC63-47A3-415F-8A9D-608EF111268B}.Debug|Any CPU.ActiveCfg = Debug|Any CPU
		{1BB0CC63-47A3-415F-8A9D-608EF111268B}.Debug|Any CPU.Build.0 = Debug|Any CPU
		{1BB0CC63-47A3-415F-8A9D-608EF111268B}.Release|Any CPU.ActiveCfg = Release|Any CPU
		{1BB0CC63-47A3-415F-8A9D-608EF111268B}.Release|Any CPU.Build.0 = Release|Any CPU
	EndGlobalSection
	GlobalSection(SolutionProperties) = preSolution
		HideSolutionNode = FALSE
	EndGlobalSection
EndGlobal
